
Microsoft Visual Studio Solution File, Format Version 10.00
# Visual Studio 2008
Project("{8BC9CEB8-8B4A-11D0-8D11-00A0C91BC942}") = "Atalanta", "Atalanta.vcproj", "{69D2BC5F-12C3-4BA5-8B90-60CC87AB4BFA}"
EndProject
Global
	GlobalSection(SolutionConfigurationPlatforms) = preSolution
		Debug|Win32 = Debug|Win32
		Release|Win32 = Release|Win32
	EndGlobalSection
	GlobalSection(ProjectConfigurationPlatforms) = postSolution
		{69D2BC5F-12C3-4BA5-8B90-60CC87AB4BFA}.Debug|Win32.ActiveCfg = Debug|Win32
		{69D2BC5F-12C3-4BA5-8B90-60CC87AB4BFA}.Debug|Win32.Build.0 = Debug|Win32
		{69D2BC5F-12C3-4BA5-8B90-60CC87AB4BFA}.Release|Win32.ActiveCfg = Release|Win32
		{69D2BC5F-12C3-4BA5-8B90-60CC87AB4BFA}.Release|Win32.Build.0 = Release|Win32
	EndGlobalSection
	GlobalSection(SolutionProperties) = preSolution
		HideSolutionNode = FALSE
	EndGlobalSection
EndGlobal
